// !$*UTF8*$!
{
	archiveVersion = 1;
	classes = {
	};
	objectVersion = 51;
	objects = {

/* Begin PBXBuildFile section */
		1AC95D7EDFF870DDF2A9A913 /* Pods_FeastVitePOCUITests.framework in Frameworks */ = {isa = PBXBuildFile; fileRef = 6CD0D722C0AF73335A91973C /* Pods_FeastVitePOCUITests.framework */; };
		3F63B2CC22BC880E0058302B /* SetNewPasswordControllerViewController.swift in Sources */ = {isa = PBXBuildFile; fileRef = 3F63B2CB22BC880E0058302B /* SetNewPasswordControllerViewController.swift */; };
		3F63B2CE22BD3FC30058302B /* HomePageViewController.swift in Sources */ = {isa = PBXBuildFile; fileRef = 3F63B2CD22BD3FC30058302B /* HomePageViewController.swift */; };
		3F63B2D122BD438E0058302B /* Errors.swift in Sources */ = {isa = PBXBuildFile; fileRef = 3F63B2D022BD438E0058302B /* Errors.swift */; };
		3F67A5832339B03A00AB2F78 /* ContactModelManager.swift in Sources */ = {isa = PBXBuildFile; fileRef = 3F67A5822339B03A00AB2F78 /* ContactModelManager.swift */; };
		3F8C989F22B18CA3009E1371 /* AppDelegate.swift in Sources */ = {isa = PBXBuildFile; fileRef = 3F8C989E22B18CA3009E1371 /* AppDelegate.swift */; };
		3F8C98A122B18CA3009E1371 /* ViewController.swift in Sources */ = {isa = PBXBuildFile; fileRef = 3F8C98A022B18CA3009E1371 /* ViewController.swift */; };
		3F8C98A422B18CA3009E1371 /* Main.storyboard in Resources */ = {isa = PBXBuildFile; fileRef = 3F8C98A222B18CA3009E1371 /* Main.storyboard */; };
		3F8C98A622B18CA5009E1371 /* Assets.xcassets in Resources */ = {isa = PBXBuildFile; fileRef = 3F8C98A522B18CA5009E1371 /* Assets.xcassets */; };
		3F8C98A922B18CA5009E1371 /* LaunchScreen.storyboard in Resources */ = {isa = PBXBuildFile; fileRef = 3F8C98A722B18CA5009E1371 /* LaunchScreen.storyboard */; };
		3F9D63AF232708340023273D /* RSVPModel.swift in Sources */ = {isa = PBXBuildFile; fileRef = 3F9D63AE232708340023273D /* RSVPModel.swift */; };
		3F9D63B4232708950023273D /* RSVPViewController.swift in Sources */ = {isa = PBXBuildFile; fileRef = 3F9D63B3232708950023273D /* RSVPViewController.swift */; };
		3F9D63B623270DF40023273D /* RSVPModelManager.swift in Sources */ = {isa = PBXBuildFile; fileRef = 3F9D63B523270DF40023273D /* RSVPModelManager.swift */; };
		3F9D63B8232935180023273D /* HostedDetailsViewController.swift in Sources */ = {isa = PBXBuildFile; fileRef = 3F9D63B7232935180023273D /* HostedDetailsViewController.swift */; };
		3F9D63BB2329446C0023273D /* StoreKit.framework in Frameworks */ = {isa = PBXBuildFile; fileRef = 3F9D63BA2329446C0023273D /* StoreKit.framework */; };
		3FBFFC1B22C45B59007C1182 /* Authentication.swift in Sources */ = {isa = PBXBuildFile; fileRef = 3FBFFC1A22C45B59007C1182 /* Authentication.swift */; };
		3FCADC3522C1C4A000705A32 /* MailSenderViewController.swift in Sources */ = {isa = PBXBuildFile; fileRef = 3FCADC3422C1C4A000705A32 /* MailSenderViewController.swift */; };
		3FF02C2422B3512E008A787A /* RegistrationViewController.swift in Sources */ = {isa = PBXBuildFile; fileRef = 3FF02C2322B3512E008A787A /* RegistrationViewController.swift */; };
		3FF02C2622B37D81008A787A /* LoginViewController.swift in Sources */ = {isa = PBXBuildFile; fileRef = 3FF02C2522B37D81008A787A /* LoginViewController.swift */; };
		3FF02C2822B386FA008A787A /* ResetPasswordViewController.swift in Sources */ = {isa = PBXBuildFile; fileRef = 3FF02C2722B386FA008A787A /* ResetPasswordViewController.swift */; };
		E82EF4FC22D595E30095264A /* AccountsViewController.swift in Sources */ = {isa = PBXBuildFile; fileRef = E82EF4FB22D595E30095264A /* AccountsViewController.swift */; };
		E82EF4FE22D598C20095264A /* TemplateModel.swift in Sources */ = {isa = PBXBuildFile; fileRef = E82EF4FD22D598C20095264A /* TemplateModel.swift */; };
		E82EF50022D59E290095264A /* TemplateModelManager.swift in Sources */ = {isa = PBXBuildFile; fileRef = E82EF4FF22D59E290095264A /* TemplateModelManager.swift */; };
		E83B11C422D02CF600B8175D /* FeastViteUITests.swift in Sources */ = {isa = PBXBuildFile; fileRef = E83B11C322D02CF600B8175D /* FeastViteUITests.swift */; };
		E83B11CD22D02DDA00B8175D /* FeastViteTests.swift in Sources */ = {isa = PBXBuildFile; fileRef = E83B11B522D02CEC00B8175D /* FeastViteTests.swift */; };
		E83B11CF22D06E8100B8175D /* TemplateCellCollectionViewCell.swift in Sources */ = {isa = PBXBuildFile; fileRef = E83B11CE22D06E8100B8175D /* TemplateCellCollectionViewCell.swift */; };
		E8424D0322E1202C00893B27 /* CustomLoader.gif in Resources */ = {isa = PBXBuildFile; fileRef = E8424D0222E1202C00893B27 /* CustomLoader.gif */; };
		E8424D0522E14FDB00893B27 /* ViewInvitationsTableViewController.swift in Sources */ = {isa = PBXBuildFile; fileRef = E8424D0422E14FDB00893B27 /* ViewInvitationsTableViewController.swift */; };
		E85F059823432EB70023628F /* MyTextMessageCell.swift in Sources */ = {isa = PBXBuildFile; fileRef = E85F059723432EB70023628F /* MyTextMessageCell.swift */; };
		E85F059A23432EEF0023628F /* ContactsTextMessageCell.swift in Sources */ = {isa = PBXBuildFile; fileRef = E85F059923432EEF0023628F /* ContactsTextMessageCell.swift */; };
		E862FA2522E04C5400DEB0D5 /* CustomLoader.swift in Sources */ = {isa = PBXBuildFile; fileRef = E862FA2422E04C5400DEB0D5 /* CustomLoader.swift */; };
		E89D955C22D73C39009AA662 /* EventModel.swift in Sources */ = {isa = PBXBuildFile; fileRef = E89D955B22D73C39009AA662 /* EventModel.swift */; };
		E89D955E22D748DC009AA662 /* EventModelManager.swift in Sources */ = {isa = PBXBuildFile; fileRef = E89D955D22D748DC009AA662 /* EventModelManager.swift */; };
		E8B19B3122D55FA600FB6D5A /* PreviewViewController.swift in Sources */ = {isa = PBXBuildFile; fileRef = E8B19B2722D55FA600FB6D5A /* PreviewViewController.swift */; };
		E8B19B3522D55FA600FB6D5A /* ManageTemplatesCollectionViewController.swift in Sources */ = {isa = PBXBuildFile; fileRef = E8B19B2B22D55FA600FB6D5A /* ManageTemplatesCollectionViewController.swift */; };
		E8B19B3622D55FA600FB6D5A /* TemplateCollectionViewCell.swift in Sources */ = {isa = PBXBuildFile; fileRef = E8B19B2C22D55FA600FB6D5A /* TemplateCollectionViewCell.swift */; };
		E8B19B3722D55FA600FB6D5A /* CreateTemplateImageViewController.swift in Sources */ = {isa = PBXBuildFile; fileRef = E8B19B2D22D55FA600FB6D5A /* CreateTemplateImageViewController.swift */; };
		E8CF292E23377ABE00C18847 /* ChatContactsTableViewController.swift in Sources */ = {isa = PBXBuildFile; fileRef = E8CF292D23377ABE00C18847 /* ChatContactsTableViewController.swift */; };
		E8E9172F2326FE2F000C3F3E /* ChatViewController.swift in Sources */ = {isa = PBXBuildFile; fileRef = E8E9172E2326FE2F000C3F3E /* ChatViewController.swift */; };
		E8F903BB22DD412A00047D21 /* ContactsTableViewController.swift in Sources */ = {isa = PBXBuildFile; fileRef = E8F903BA22DD412A00047D21 /* ContactsTableViewController.swift */; };
		E8F903BD22DD416C00047D21 /* ContactModel.swift in Sources */ = {isa = PBXBuildFile; fileRef = E8F903BC22DD416C00047D21 /* ContactModel.swift */; };
		E8F903BF22DD4C3D00047D21 /* AddNewContactViewController.swift in Sources */ = {isa = PBXBuildFile; fileRef = E8F903BE22DD4C3D00047D21 /* AddNewContactViewController.swift */; };
		E8F903C122DE33F600047D21 /* ContactModelManager.swift in Sources */ = {isa = PBXBuildFile; fileRef = E8F903C022DE33F600047D21 /* ContactModelManager.swift */; };
		E8F903C322DE64F100047D21 /* InvitationModel.swift in Sources */ = {isa = PBXBuildFile; fileRef = E8F903C222DE64F100047D21 /* InvitationModel.swift */; };
		E8F903C522DEF93300047D21 /* InvitationModelManager.swift in Sources */ = {isa = PBXBuildFile; fileRef = E8F903C422DEF93300047D21 /* InvitationModelManager.swift */; };
		E8F903C722DF07BC00047D21 /* SendInvitationViewController.swift in Sources */ = {isa = PBXBuildFile; fileRef = E8F903C622DF07BC00047D21 /* SendInvitationViewController.swift */; };
		F065B3595D0FC9F30C4F43E7 /* Pods_FeastVitePOC.framework in Frameworks */ = {isa = PBXBuildFile; fileRef = 51B7E1FC757198C6B6FB1346 /* Pods_FeastVitePOC.framework */; };
		FDD8A6EFC5FC6E65A40687C3 /* Pods_FeastVitePOCTests.framework in Frameworks */ = {isa = PBXBuildFile; fileRef = 665C913D8181FCA1B10C9D56 /* Pods_FeastVitePOCTests.framework */; };
/* End PBXBuildFile section */

/* Begin PBXContainerItemProxy section */
		E83B11B822D02CEC00B8175D /* PBXContainerItemProxy */ = {
			isa = PBXContainerItemProxy;
			containerPortal = 3F8C989322B18CA3009E1371 /* Project object */;
			proxyType = 1;
			remoteGlobalIDString = 3F8C989A22B18CA3009E1371;
			remoteInfo = FeastVite;
		};
		E83B11C622D02CF600B8175D /* PBXContainerItemProxy */ = {
			isa = PBXContainerItemProxy;
			containerPortal = 3F8C989322B18CA3009E1371 /* Project object */;
			proxyType = 1;
			remoteGlobalIDString = 3F8C989A22B18CA3009E1371;
			remoteInfo = FeastVite;
		};
/* End PBXContainerItemProxy section */

/* Begin PBXFileReference section */
		0A17D984AF52F30257982827 /* Pods-FeastViteTests.release.xcconfig */ = {isa = PBXFileReference; includeInIndex = 1; lastKnownFileType = text.xcconfig; name = "Pods-FeastViteTests.release.xcconfig"; path = "Pods/Target Support Files/Pods-FeastViteTests/Pods-FeastViteTests.release.xcconfig"; sourceTree = "<group>"; };
		2A9F284B22B890D500DB1111 /* libsqlite3.tbd */ = {isa = PBXFileReference; lastKnownFileType = "sourcecode.text-based-dylib-definition"; name = libsqlite3.tbd; path = usr/lib/libsqlite3.tbd; sourceTree = SDKROOT; };
		2A9F284D22B8A70700DB1111 /* libsqlite3.0.tbd */ = {isa = PBXFileReference; lastKnownFileType = "sourcecode.text-based-dylib-definition"; name = libsqlite3.0.tbd; path = usr/lib/libsqlite3.0.tbd; sourceTree = SDKROOT; };
		368CC78A4FC845A031583FB4 /* Pods-FeastViteTests.debug.xcconfig */ = {isa = PBXFileReference; includeInIndex = 1; lastKnownFileType = text.xcconfig; name = "Pods-FeastViteTests.debug.xcconfig"; path = "Pods/Target Support Files/Pods-FeastViteTests/Pods-FeastViteTests.debug.xcconfig"; sourceTree = "<group>"; };
		38D2E60E2503D02527D9F967 /* Pods-FeastVitePOC.release.xcconfig */ = {isa = PBXFileReference; includeInIndex = 1; lastKnownFileType = text.xcconfig; name = "Pods-FeastVitePOC.release.xcconfig"; path = "Pods/Target Support Files/Pods-FeastVitePOC/Pods-FeastVitePOC.release.xcconfig"; sourceTree = "<group>"; };
		3F23B5DB22C152C30054CF72 /* contacts.playground */ = {isa = PBXFileReference; lastKnownFileType = file.playground; path = contacts.playground; sourceTree = "<group>"; xcLanguageSpecificationIdentifier = xcode.lang.swift; };
		3F63B2CB22BC880E0058302B /* SetNewPasswordControllerViewController.swift */ = {isa = PBXFileReference; lastKnownFileType = sourcecode.swift; path = SetNewPasswordControllerViewController.swift; sourceTree = "<group>"; };
		3F63B2CD22BD3FC30058302B /* HomePageViewController.swift */ = {isa = PBXFileReference; lastKnownFileType = sourcecode.swift; path = HomePageViewController.swift; sourceTree = "<group>"; };
		3F63B2D022BD438E0058302B /* Errors.swift */ = {isa = PBXFileReference; lastKnownFileType = sourcecode.swift; path = Errors.swift; sourceTree = "<group>"; };
		3F67A5822339B03A00AB2F78 /* ContactModelManager.swift */ = {isa = PBXFileReference; lastKnownFileType = sourcecode.swift; path = ContactModelManager.swift; sourceTree = "<group>"; };
		3F8C989B22B18CA3009E1371 /* FeastVitePOC.app */ = {isa = PBXFileReference; explicitFileType = wrapper.application; includeInIndex = 0; path = FeastVitePOC.app; sourceTree = BUILT_PRODUCTS_DIR; };
		3F8C989E22B18CA3009E1371 /* AppDelegate.swift */ = {isa = PBXFileReference; lastKnownFileType = sourcecode.swift; path = AppDelegate.swift; sourceTree = "<group>"; };
		3F8C98A022B18CA3009E1371 /* ViewController.swift */ = {isa = PBXFileReference; lastKnownFileType = sourcecode.swift; path = ViewController.swift; sourceTree = "<group>"; };
		3F8C98A322B18CA3009E1371 /* Base */ = {isa = PBXFileReference; lastKnownFileType = file.storyboard; name = Base; path = Base.lproj/Main.storyboard; sourceTree = "<group>"; };
		3F8C98A522B18CA5009E1371 /* Assets.xcassets */ = {isa = PBXFileReference; lastKnownFileType = folder.assetcatalog; path = Assets.xcassets; sourceTree = "<group>"; };
		3F8C98A822B18CA5009E1371 /* Base */ = {isa = PBXFileReference; lastKnownFileType = file.storyboard; name = Base; path = Base.lproj/LaunchScreen.storyboard; sourceTree = "<group>"; };
		3F8C98AA22B18CA5009E1371 /* Info.plist */ = {isa = PBXFileReference; lastKnownFileType = text.plist.xml; path = Info.plist; sourceTree = "<group>"; };
		3F9D63AE232708340023273D /* RSVPModel.swift */ = {isa = PBXFileReference; lastKnownFileType = sourcecode.swift; path = RSVPModel.swift; sourceTree = "<group>"; };
		3F9D63B3232708950023273D /* RSVPViewController.swift */ = {isa = PBXFileReference; lastKnownFileType = sourcecode.swift; path = RSVPViewController.swift; sourceTree = "<group>"; };
		3F9D63B523270DF40023273D /* RSVPModelManager.swift */ = {isa = PBXFileReference; lastKnownFileType = sourcecode.swift; path = RSVPModelManager.swift; sourceTree = "<group>"; };
		3F9D63B7232935180023273D /* HostedDetailsViewController.swift */ = {isa = PBXFileReference; lastKnownFileType = sourcecode.swift; path = HostedDetailsViewController.swift; sourceTree = "<group>"; };
		3F9D63BA2329446C0023273D /* StoreKit.framework */ = {isa = PBXFileReference; lastKnownFileType = wrapper.framework; name = StoreKit.framework; path = System/Library/Frameworks/StoreKit.framework; sourceTree = SDKROOT; };
		3FBFFC1A22C45B59007C1182 /* Authentication.swift */ = {isa = PBXFileReference; lastKnownFileType = sourcecode.swift; path = Authentication.swift; sourceTree = "<group>"; };
		3FCADC3422C1C4A000705A32 /* MailSenderViewController.swift */ = {isa = PBXFileReference; lastKnownFileType = sourcecode.swift; path = MailSenderViewController.swift; sourceTree = "<group>"; };
		3FF02C2322B3512E008A787A /* RegistrationViewController.swift */ = {isa = PBXFileReference; lastKnownFileType = sourcecode.swift; path = RegistrationViewController.swift; sourceTree = "<group>"; };
		3FF02C2522B37D81008A787A /* LoginViewController.swift */ = {isa = PBXFileReference; lastKnownFileType = sourcecode.swift; path = LoginViewController.swift; sourceTree = "<group>"; };
		3FF02C2722B386FA008A787A /* ResetPasswordViewController.swift */ = {isa = PBXFileReference; lastKnownFileType = sourcecode.swift; path = ResetPasswordViewController.swift; sourceTree = "<group>"; };
		3FF2BAEF22CA68ED000622F8 /* Foundation.framework */ = {isa = PBXFileReference; lastKnownFileType = wrapper.framework; name = Foundation.framework; path = System/Library/Frameworks/Foundation.framework; sourceTree = SDKROOT; };
		46F7AC8EEB64521D349BF8D7 /* Pods-FeastViteUITests.debug.xcconfig */ = {isa = PBXFileReference; includeInIndex = 1; lastKnownFileType = text.xcconfig; name = "Pods-FeastViteUITests.debug.xcconfig"; path = "Pods/Target Support Files/Pods-FeastViteUITests/Pods-FeastViteUITests.debug.xcconfig"; sourceTree = "<group>"; };
		51B7E1FC757198C6B6FB1346 /* Pods_FeastVitePOC.framework */ = {isa = PBXFileReference; explicitFileType = wrapper.framework; includeInIndex = 0; path = Pods_FeastVitePOC.framework; sourceTree = BUILT_PRODUCTS_DIR; };
		6274C046F22115BB7E5E36C3 /* Pods-FeastVite.debug.xcconfig */ = {isa = PBXFileReference; includeInIndex = 1; lastKnownFileType = text.xcconfig; name = "Pods-FeastVite.debug.xcconfig"; path = "Pods/Target Support Files/Pods-FeastVite/Pods-FeastVite.debug.xcconfig"; sourceTree = "<group>"; };
		665C913D8181FCA1B10C9D56 /* Pods_FeastVitePOCTests.framework */ = {isa = PBXFileReference; explicitFileType = wrapper.framework; includeInIndex = 0; path = Pods_FeastVitePOCTests.framework; sourceTree = BUILT_PRODUCTS_DIR; };
		6CD0D722C0AF73335A91973C /* Pods_FeastVitePOCUITests.framework */ = {isa = PBXFileReference; explicitFileType = wrapper.framework; includeInIndex = 0; path = Pods_FeastVitePOCUITests.framework; sourceTree = BUILT_PRODUCTS_DIR; };
		8F34340EB0AE6A837141A14E /* Pods-FeastVite.release.xcconfig */ = {isa = PBXFileReference; includeInIndex = 1; lastKnownFileType = text.xcconfig; name = "Pods-FeastVite.release.xcconfig"; path = "Pods/Target Support Files/Pods-FeastVite/Pods-FeastVite.release.xcconfig"; sourceTree = "<group>"; };
		B8DBBE0736BC6D7DC5C58E0F /* Pods-FeastVitePOC.debug.xcconfig */ = {isa = PBXFileReference; includeInIndex = 1; lastKnownFileType = text.xcconfig; name = "Pods-FeastVitePOC.debug.xcconfig"; path = "Pods/Target Support Files/Pods-FeastVitePOC/Pods-FeastVitePOC.debug.xcconfig"; sourceTree = "<group>"; };
		C2A15207C44E5FCB7B496D96 /* Pods-FeastViteUITests.release.xcconfig */ = {isa = PBXFileReference; includeInIndex = 1; lastKnownFileType = text.xcconfig; name = "Pods-FeastViteUITests.release.xcconfig"; path = "Pods/Target Support Files/Pods-FeastViteUITests/Pods-FeastViteUITests.release.xcconfig"; sourceTree = "<group>"; };
		D967E4A8E9B7F40C39777CCC /* Pods-FeastVitePOCUITests.release.xcconfig */ = {isa = PBXFileReference; includeInIndex = 1; lastKnownFileType = text.xcconfig; name = "Pods-FeastVitePOCUITests.release.xcconfig"; path = "Pods/Target Support Files/Pods-FeastVitePOCUITests/Pods-FeastVitePOCUITests.release.xcconfig"; sourceTree = "<group>"; };
		E234134AEE47C3C31E883EC5 /* Pods-FeastVitePOCTests.release.xcconfig */ = {isa = PBXFileReference; includeInIndex = 1; lastKnownFileType = text.xcconfig; name = "Pods-FeastVitePOCTests.release.xcconfig"; path = "Pods/Target Support Files/Pods-FeastVitePOCTests/Pods-FeastVitePOCTests.release.xcconfig"; sourceTree = "<group>"; };
		E7F279298FE865C07AB799EE /* Pods-FeastVitePOCTests.debug.xcconfig */ = {isa = PBXFileReference; includeInIndex = 1; lastKnownFileType = text.xcconfig; name = "Pods-FeastVitePOCTests.debug.xcconfig"; path = "Pods/Target Support Files/Pods-FeastVitePOCTests/Pods-FeastVitePOCTests.debug.xcconfig"; sourceTree = "<group>"; };
		E82EF4FB22D595E30095264A /* AccountsViewController.swift */ = {isa = PBXFileReference; lastKnownFileType = sourcecode.swift; path = AccountsViewController.swift; sourceTree = "<group>"; };
		E82EF4FD22D598C20095264A /* TemplateModel.swift */ = {isa = PBXFileReference; lastKnownFileType = sourcecode.swift; path = TemplateModel.swift; sourceTree = "<group>"; };
		E82EF4FF22D59E290095264A /* TemplateModelManager.swift */ = {isa = PBXFileReference; lastKnownFileType = sourcecode.swift; path = TemplateModelManager.swift; sourceTree = "<group>"; };
		E83B11B322D02CEC00B8175D /* FeastVitePOCTests.xctest */ = {isa = PBXFileReference; explicitFileType = wrapper.cfbundle; includeInIndex = 0; path = FeastVitePOCTests.xctest; sourceTree = BUILT_PRODUCTS_DIR; };
		E83B11B522D02CEC00B8175D /* FeastViteTests.swift */ = {isa = PBXFileReference; lastKnownFileType = sourcecode.swift; path = FeastViteTests.swift; sourceTree = "<group>"; };
		E83B11B722D02CEC00B8175D /* Info.plist */ = {isa = PBXFileReference; lastKnownFileType = text.plist.xml; path = Info.plist; sourceTree = "<group>"; };
		E83B11C122D02CF600B8175D /* FeastVitePOCUITests.xctest */ = {isa = PBXFileReference; explicitFileType = wrapper.cfbundle; includeInIndex = 0; path = FeastVitePOCUITests.xctest; sourceTree = BUILT_PRODUCTS_DIR; };
		E83B11C322D02CF600B8175D /* FeastViteUITests.swift */ = {isa = PBXFileReference; lastKnownFileType = sourcecode.swift; path = FeastViteUITests.swift; sourceTree = "<group>"; };
		E83B11C522D02CF600B8175D /* Info.plist */ = {isa = PBXFileReference; lastKnownFileType = text.plist.xml; path = Info.plist; sourceTree = "<group>"; };
		E83B11CE22D06E8100B8175D /* TemplateCellCollectionViewCell.swift */ = {isa = PBXFileReference; lastKnownFileType = sourcecode.swift; path = TemplateCellCollectionViewCell.swift; sourceTree = "<group>"; };
		E8424D0222E1202C00893B27 /* CustomLoader.gif */ = {isa = PBXFileReference; lastKnownFileType = image.gif; path = CustomLoader.gif; sourceTree = "<group>"; };
		E8424D0422E14FDB00893B27 /* ViewInvitationsTableViewController.swift */ = {isa = PBXFileReference; lastKnownFileType = sourcecode.swift; path = ViewInvitationsTableViewController.swift; sourceTree = "<group>"; };
		E85F059723432EB70023628F /* MyTextMessageCell.swift */ = {isa = PBXFileReference; lastKnownFileType = sourcecode.swift; path = MyTextMessageCell.swift; sourceTree = "<group>"; };
		E85F059923432EEF0023628F /* ContactsTextMessageCell.swift */ = {isa = PBXFileReference; lastKnownFileType = sourcecode.swift; path = ContactsTextMessageCell.swift; sourceTree = "<group>"; };
		E862FA2422E04C5400DEB0D5 /* CustomLoader.swift */ = {isa = PBXFileReference; lastKnownFileType = sourcecode.swift; path = CustomLoader.swift; sourceTree = "<group>"; };
		E89D955B22D73C39009AA662 /* EventModel.swift */ = {isa = PBXFileReference; lastKnownFileType = sourcecode.swift; path = EventModel.swift; sourceTree = "<group>"; };
		E89D955D22D748DC009AA662 /* EventModelManager.swift */ = {isa = PBXFileReference; lastKnownFileType = sourcecode.swift; path = EventModelManager.swift; sourceTree = "<group>"; };
		E8B19B2722D55FA600FB6D5A /* PreviewViewController.swift */ = {isa = PBXFileReference; fileEncoding = 4; lastKnownFileType = sourcecode.swift; path = PreviewViewController.swift; sourceTree = "<group>"; };
		E8B19B2B22D55FA600FB6D5A /* ManageTemplatesCollectionViewController.swift */ = {isa = PBXFileReference; fileEncoding = 4; lastKnownFileType = sourcecode.swift; path = ManageTemplatesCollectionViewController.swift; sourceTree = "<group>"; };
		E8B19B2C22D55FA600FB6D5A /* TemplateCollectionViewCell.swift */ = {isa = PBXFileReference; fileEncoding = 4; lastKnownFileType = sourcecode.swift; path = TemplateCollectionViewCell.swift; sourceTree = "<group>"; };
		E8B19B2D22D55FA600FB6D5A /* CreateTemplateImageViewController.swift */ = {isa = PBXFileReference; fileEncoding = 4; lastKnownFileType = sourcecode.swift; path = CreateTemplateImageViewController.swift; sourceTree = "<group>"; };
		E8C5D7342328682C00985304 /* FeastVitePOC.entitlements */ = {isa = PBXFileReference; lastKnownFileType = text.plist.entitlements; path = FeastVitePOC.entitlements; sourceTree = "<group>"; };
		E8CF292D23377ABE00C18847 /* ChatContactsTableViewController.swift */ = {isa = PBXFileReference; lastKnownFileType = sourcecode.swift; path = ChatContactsTableViewController.swift; sourceTree = "<group>"; };
		E8E9172E2326FE2F000C3F3E /* ChatViewController.swift */ = {isa = PBXFileReference; lastKnownFileType = sourcecode.swift; path = ChatViewController.swift; sourceTree = "<group>"; };
		E8F903BA22DD412A00047D21 /* ContactsTableViewController.swift */ = {isa = PBXFileReference; lastKnownFileType = sourcecode.swift; path = ContactsTableViewController.swift; sourceTree = "<group>"; };
		E8F903BC22DD416C00047D21 /* ContactModel.swift */ = {isa = PBXFileReference; lastKnownFileType = sourcecode.swift; path = ContactModel.swift; sourceTree = "<group>"; };
		E8F903BE22DD4C3D00047D21 /* AddNewContactViewController.swift */ = {isa = PBXFileReference; lastKnownFileType = sourcecode.swift; path = AddNewContactViewController.swift; sourceTree = "<group>"; };
		E8F903C022DE33F600047D21 /* ContactModelManager.swift */ = {isa = PBXFileReference; lastKnownFileType = sourcecode.swift; path = ContactModelManager.swift; sourceTree = "<group>"; };
		E8F903C222DE64F100047D21 /* InvitationModel.swift */ = {isa = PBXFileReference; lastKnownFileType = sourcecode.swift; path = InvitationModel.swift; sourceTree = "<group>"; };
		E8F903C422DEF93300047D21 /* InvitationModelManager.swift */ = {isa = PBXFileReference; lastKnownFileType = sourcecode.swift; path = InvitationModelManager.swift; sourceTree = "<group>"; };
		E8F903C622DF07BC00047D21 /* SendInvitationViewController.swift */ = {isa = PBXFileReference; lastKnownFileType = sourcecode.swift; path = SendInvitationViewController.swift; sourceTree = "<group>"; };
		FCD3BF5F7F1DFEAF82A99C26 /* Pods-FeastVitePOCUITests.debug.xcconfig */ = {isa = PBXFileReference; includeInIndex = 1; lastKnownFileType = text.xcconfig; name = "Pods-FeastVitePOCUITests.debug.xcconfig"; path = "Pods/Target Support Files/Pods-FeastVitePOCUITests/Pods-FeastVitePOCUITests.debug.xcconfig"; sourceTree = "<group>"; };
/* End PBXFileReference section */

/* Begin PBXFrameworksBuildPhase section */
		3F8C989822B18CA3009E1371 /* Frameworks */ = {
			isa = PBXFrameworksBuildPhase;
			buildActionMask = 2147483647;
			files = (
				F065B3595D0FC9F30C4F43E7 /* Pods_FeastVitePOC.framework in Frameworks */,
				3F9D63BB2329446C0023273D /* StoreKit.framework in Frameworks */,
			);
			runOnlyForDeploymentPostprocessing = 0;
		};
		E83B11B022D02CEC00B8175D /* Frameworks */ = {
			isa = PBXFrameworksBuildPhase;
			buildActionMask = 2147483647;
			files = (
				FDD8A6EFC5FC6E65A40687C3 /* Pods_FeastVitePOCTests.framework in Frameworks */,
			);
			runOnlyForDeploymentPostprocessing = 0;
		};
		E83B11BE22D02CF600B8175D /* Frameworks */ = {
			isa = PBXFrameworksBuildPhase;
			buildActionMask = 2147483647;
			files = (
				1AC95D7EDFF870DDF2A9A913 /* Pods_FeastVitePOCUITests.framework in Frameworks */,
			);
			runOnlyForDeploymentPostprocessing = 0;
		};
/* End PBXFrameworksBuildPhase section */

/* Begin PBXGroup section */
		2A9F284822B88DBC00DB1111 /* Models */ = {
			isa = PBXGroup;
			children = (
				3F23B5DB22C152C30054CF72 /* contacts.playground */,
				E82EF4FD22D598C20095264A /* TemplateModel.swift */,
				3F67A5822339B03A00AB2F78 /* ContactModelManager.swift */,
				E82EF4FF22D59E290095264A /* TemplateModelManager.swift */,
				E89D955B22D73C39009AA662 /* EventModel.swift */,
				E89D955D22D748DC009AA662 /* EventModelManager.swift */,
				E8F903BC22DD416C00047D21 /* ContactModel.swift */,
				E8F903C022DE33F600047D21 /* ContactModelManager.swift */,
				E8F903C222DE64F100047D21 /* InvitationModel.swift */,
				E8F903C422DEF93300047D21 /* InvitationModelManager.swift */,
				3F9D63AE232708340023273D /* RSVPModel.swift */,
				3F9D63B523270DF40023273D /* RSVPModelManager.swift */,
			);
			path = Models;
			sourceTree = "<group>";
		};
		3F63B2CF22BD436F0058302B /* utils */ = {
			isa = PBXGroup;
			children = (
				3F63B2D022BD438E0058302B /* Errors.swift */,
				3FBFFC1A22C45B59007C1182 /* Authentication.swift */,
			);
			path = utils;
			sourceTree = "<group>";
		};
		3F8C989222B18CA3009E1371 = {
			isa = PBXGroup;
			children = (
				E8C5D7342328682C00985304 /* FeastVitePOC.entitlements */,
				3F8C989D22B18CA3009E1371 /* FeastVite */,
				E83B11B422D02CEC00B8175D /* FeastViteTests */,
				E83B11C222D02CF600B8175D /* FeastViteUITests */,
				3F8C989C22B18CA3009E1371 /* Products */,
				DDD414797D6E538912A744D5 /* Pods */,
				CDF978945703639B9E199530 /* Frameworks */,
			);
			sourceTree = "<group>";
		};
		3F8C989C22B18CA3009E1371 /* Products */ = {
			isa = PBXGroup;
			children = (
				3F8C989B22B18CA3009E1371 /* FeastVitePOC.app */,
				E83B11B322D02CEC00B8175D /* FeastVitePOCTests.xctest */,
				E83B11C122D02CF600B8175D /* FeastVitePOCUITests.xctest */,
			);
			name = Products;
			sourceTree = "<group>";
		};
		3F8C989D22B18CA3009E1371 /* FeastVite */ = {
			isa = PBXGroup;
			children = (
				E862FA2822E0512900DEB0D5 /* customLoaders */,
				E8B19B3B22D57F9D00FB6D5A /* viewControllers */,
				E8B19B3A22D57F7600FB6D5A /* storyBoarding */,
				3F63B2CF22BD436F0058302B /* utils */,
				2A9F284822B88DBC00DB1111 /* Models */,
				3F8C98A522B18CA5009E1371 /* Assets.xcassets */,
				3F8C98AA22B18CA5009E1371 /* Info.plist */,
			);
			path = FeastVite;
			sourceTree = "<group>";
		};
		CDF978945703639B9E199530 /* Frameworks */ = {
			isa = PBXGroup;
			children = (
				3F9D63BA2329446C0023273D /* StoreKit.framework */,
				3FF2BAEF22CA68ED000622F8 /* Foundation.framework */,
				2A9F284D22B8A70700DB1111 /* libsqlite3.0.tbd */,
				2A9F284B22B890D500DB1111 /* libsqlite3.tbd */,
				51B7E1FC757198C6B6FB1346 /* Pods_FeastVitePOC.framework */,
				665C913D8181FCA1B10C9D56 /* Pods_FeastVitePOCTests.framework */,
				6CD0D722C0AF73335A91973C /* Pods_FeastVitePOCUITests.framework */,
			);
			name = Frameworks;
			sourceTree = "<group>";
		};
		DDD414797D6E538912A744D5 /* Pods */ = {
			isa = PBXGroup;
			children = (
				6274C046F22115BB7E5E36C3 /* Pods-FeastVite.debug.xcconfig */,
				8F34340EB0AE6A837141A14E /* Pods-FeastVite.release.xcconfig */,
				368CC78A4FC845A031583FB4 /* Pods-FeastViteTests.debug.xcconfig */,
				0A17D984AF52F30257982827 /* Pods-FeastViteTests.release.xcconfig */,
				46F7AC8EEB64521D349BF8D7 /* Pods-FeastViteUITests.debug.xcconfig */,
				C2A15207C44E5FCB7B496D96 /* Pods-FeastViteUITests.release.xcconfig */,
				B8DBBE0736BC6D7DC5C58E0F /* Pods-FeastVitePOC.debug.xcconfig */,
				38D2E60E2503D02527D9F967 /* Pods-FeastVitePOC.release.xcconfig */,
				E7F279298FE865C07AB799EE /* Pods-FeastVitePOCTests.debug.xcconfig */,
				E234134AEE47C3C31E883EC5 /* Pods-FeastVitePOCTests.release.xcconfig */,
				FCD3BF5F7F1DFEAF82A99C26 /* Pods-FeastVitePOCUITests.debug.xcconfig */,
				D967E4A8E9B7F40C39777CCC /* Pods-FeastVitePOCUITests.release.xcconfig */,
			);
			name = Pods;
			sourceTree = "<group>";
		};
		E83B11B422D02CEC00B8175D /* FeastViteTests */ = {
			isa = PBXGroup;
			children = (
				E83B11B522D02CEC00B8175D /* FeastViteTests.swift */,
				E83B11B722D02CEC00B8175D /* Info.plist */,
			);
			path = FeastViteTests;
			sourceTree = "<group>";
		};
		E83B11C222D02CF600B8175D /* FeastViteUITests */ = {
			isa = PBXGroup;
			children = (
				E83B11C322D02CF600B8175D /* FeastViteUITests.swift */,
				E83B11C522D02CF600B8175D /* Info.plist */,
			);
			path = FeastViteUITests;
			sourceTree = "<group>";
		};
		E862FA2822E0512900DEB0D5 /* customLoaders */ = {
			isa = PBXGroup;
			children = (
				E8424D0222E1202C00893B27 /* CustomLoader.gif */,
				E862FA2422E04C5400DEB0D5 /* CustomLoader.swift */,
			);
			path = customLoaders;
			sourceTree = "<group>";
		};
		E8B19B3A22D57F7600FB6D5A /* storyBoarding */ = {
			isa = PBXGroup;
			children = (
				3F8C98A222B18CA3009E1371 /* Main.storyboard */,
				3F8C98A722B18CA5009E1371 /* LaunchScreen.storyboard */,
			);
			path = storyBoarding;
			sourceTree = "<group>";
		};
		E8B19B3B22D57F9D00FB6D5A /* viewControllers */ = {
			isa = PBXGroup;
			children = (
				E8B19B2D22D55FA600FB6D5A /* CreateTemplateImageViewController.swift */,
				E8B19B2B22D55FA600FB6D5A /* ManageTemplatesCollectionViewController.swift */,
				E8B19B2722D55FA600FB6D5A /* PreviewViewController.swift */,
				E8B19B2C22D55FA600FB6D5A /* TemplateCollectionViewCell.swift */,
				3FF02C2522B37D81008A787A /* LoginViewController.swift */,
				3FCADC3422C1C4A000705A32 /* MailSenderViewController.swift */,
				3F8C989E22B18CA3009E1371 /* AppDelegate.swift */,
				3F8C98A022B18CA3009E1371 /* ViewController.swift */,
				3FF02C2322B3512E008A787A /* RegistrationViewController.swift */,
				3FF02C2722B386FA008A787A /* ResetPasswordViewController.swift */,
				3F63B2CB22BC880E0058302B /* SetNewPasswordControllerViewController.swift */,
				3F63B2CD22BD3FC30058302B /* HomePageViewController.swift */,
				E83B11CE22D06E8100B8175D /* TemplateCellCollectionViewCell.swift */,
				E82EF4FB22D595E30095264A /* AccountsViewController.swift */,
				E8F903BA22DD412A00047D21 /* ContactsTableViewController.swift */,
				E8F903BE22DD4C3D00047D21 /* AddNewContactViewController.swift */,
				E8F903C622DF07BC00047D21 /* SendInvitationViewController.swift */,
				E8424D0422E14FDB00893B27 /* ViewInvitationsTableViewController.swift */,
				3F9D63B3232708950023273D /* RSVPViewController.swift */,
				3F9D63B7232935180023273D /* HostedDetailsViewController.swift */,
				E8E9172E2326FE2F000C3F3E /* ChatViewController.swift */,
				E8CF292D23377ABE00C18847 /* ChatContactsTableViewController.swift */,
				E85F059723432EB70023628F /* MyTextMessageCell.swift */,
				E85F059923432EEF0023628F /* ContactsTextMessageCell.swift */,
			);
			path = viewControllers;
			sourceTree = "<group>";
		};
/* End PBXGroup section */

/* Begin PBXNativeTarget section */
		3F8C989A22B18CA3009E1371 /* FeastVitePOC */ = {
			isa = PBXNativeTarget;
			buildConfigurationList = 3F8C98C322B18CA5009E1371 /* Build configuration list for PBXNativeTarget "FeastVitePOC" */;
			buildPhases = (
				A0574C76C6AEB2EE6A5D910D /* [CP] Check Pods Manifest.lock */,
				3F8C989722B18CA3009E1371 /* Sources */,
				3F8C989822B18CA3009E1371 /* Frameworks */,
				3F8C989922B18CA3009E1371 /* Resources */,
				D571465B3C5F0A386FC79834 /* [CP] Embed Pods Frameworks */,
			);
			buildRules = (
			);
			dependencies = (
			);
			name = FeastVitePOC;
			productName = FeastVite;
			productReference = 3F8C989B22B18CA3009E1371 /* FeastVitePOC.app */;
			productType = "com.apple.product-type.application";
		};
		E83B11B222D02CEC00B8175D /* FeastVitePOCTests */ = {
			isa = PBXNativeTarget;
			buildConfigurationList = E83B11BA22D02CEC00B8175D /* Build configuration list for PBXNativeTarget "FeastVitePOCTests" */;
			buildPhases = (
				38247B09B9E7C90D4430564C /* [CP] Check Pods Manifest.lock */,
				E83B11AF22D02CEC00B8175D /* Sources */,
				E83B11B022D02CEC00B8175D /* Frameworks */,
				E83B11B122D02CEC00B8175D /* Resources */,
			);
			buildRules = (
			);
			dependencies = (
				E83B11B922D02CEC00B8175D /* PBXTargetDependency */,
			);
			name = FeastVitePOCTests;
			productName = FeastViteTests;
			productReference = E83B11B322D02CEC00B8175D /* FeastVitePOCTests.xctest */;
			productType = "com.apple.product-type.bundle.unit-test";
		};
		E83B11C022D02CF600B8175D /* FeastVitePOCUITests */ = {
			isa = PBXNativeTarget;
			buildConfigurationList = E83B11C822D02CF600B8175D /* Build configuration list for PBXNativeTarget "FeastVitePOCUITests" */;
			buildPhases = (
				00E4D2B1550958AC92AF9F88 /* [CP] Check Pods Manifest.lock */,
				E83B11BD22D02CF600B8175D /* Sources */,
				E83B11BE22D02CF600B8175D /* Frameworks */,
				E83B11BF22D02CF600B8175D /* Resources */,
			);
			buildRules = (
			);
			dependencies = (
				E83B11C722D02CF600B8175D /* PBXTargetDependency */,
			);
			name = FeastVitePOCUITests;
			productName = FeastViteUITests;
			productReference = E83B11C122D02CF600B8175D /* FeastVitePOCUITests.xctest */;
			productType = "com.apple.product-type.bundle.ui-testing";
		};
/* End PBXNativeTarget section */

/* Begin PBXProject section */
		3F8C989322B18CA3009E1371 /* Project object */ = {
			isa = PBXProject;
			attributes = {
				LastSwiftUpdateCheck = 1020;
				LastUpgradeCheck = 1000;
				ORGANIZATIONNAME = NWMSU;
				TargetAttributes = {
					3F8C989A22B18CA3009E1371 = {
						CreatedOnToolsVersion = 10.0;
						SystemCapabilities = {
							com.apple.BackgroundModes = {
								enabled = 1;
							};
							com.apple.InAppPurchase = {
								enabled = 1;
							};
							com.apple.Push = {
								enabled = 1;
							};
							com.apple.iCloud = {
								enabled = 0;
							};
						};
					};
					E83B11B222D02CEC00B8175D = {
						CreatedOnToolsVersion = 10.2.1;
						TestTargetID = 3F8C989A22B18CA3009E1371;
					};
					E83B11C022D02CF600B8175D = {
						CreatedOnToolsVersion = 10.2.1;
						TestTargetID = 3F8C989A22B18CA3009E1371;
					};
				};
			};
			buildConfigurationList = 3F8C989622B18CA3009E1371 /* Build configuration list for PBXProject "FeastVitePOC" */;
			compatibilityVersion = "Xcode 9.3";
			developmentRegion = en;
			hasScannedForEncodings = 0;
			knownRegions = (
				en,
				Base,
			);
			mainGroup = 3F8C989222B18CA3009E1371;
			productRefGroup = 3F8C989C22B18CA3009E1371 /* Products */;
			projectDirPath = "";
			projectRoot = "";
			targets = (
				3F8C989A22B18CA3009E1371 /* FeastVitePOC */,
				E83B11B222D02CEC00B8175D /* FeastVitePOCTests */,
				E83B11C022D02CF600B8175D /* FeastVitePOCUITests */,
			);
		};
/* End PBXProject section */

/* Begin PBXResourcesBuildPhase section */
		3F8C989922B18CA3009E1371 /* Resources */ = {
			isa = PBXResourcesBuildPhase;
			buildActionMask = 2147483647;
			files = (
				3F8C98A922B18CA5009E1371 /* LaunchScreen.storyboard in Resources */,
				3F8C98A622B18CA5009E1371 /* Assets.xcassets in Resources */,
				E8424D0322E1202C00893B27 /* CustomLoader.gif in Resources */,
				3F8C98A422B18CA3009E1371 /* Main.storyboard in Resources */,
			);
			runOnlyForDeploymentPostprocessing = 0;
		};
		E83B11B122D02CEC00B8175D /* Resources */ = {
			isa = PBXResourcesBuildPhase;
			buildActionMask = 2147483647;
			files = (
			);
			runOnlyForDeploymentPostprocessing = 0;
		};
		E83B11BF22D02CF600B8175D /* Resources */ = {
			isa = PBXResourcesBuildPhase;
			buildActionMask = 2147483647;
			files = (
			);
			runOnlyForDeploymentPostprocessing = 0;
		};
/* End PBXResourcesBuildPhase section */

/* Begin PBXShellScriptBuildPhase section */
		00E4D2B1550958AC92AF9F88 /* [CP] Check Pods Manifest.lock */ = {
			isa = PBXShellScriptBuildPhase;
			buildActionMask = 2147483647;
			files = (
			);
			inputFileListPaths = (
			);
			inputPaths = (
				"${PODS_PODFILE_DIR_PATH}/Podfile.lock",
				"${PODS_ROOT}/Manifest.lock",
			);
			name = "[CP] Check Pods Manifest.lock";
			outputFileListPaths = (
			);
			outputPaths = (
				"$(DERIVED_FILE_DIR)/Pods-FeastVitePOCUITests-checkManifestLockResult.txt",
			);
			runOnlyForDeploymentPostprocessing = 0;
			shellPath = /bin/sh;
			shellScript = "diff \"${PODS_PODFILE_DIR_PATH}/Podfile.lock\" \"${PODS_ROOT}/Manifest.lock\" > /dev/null\nif [ $? != 0 ] ; then\n    # print error to STDERR\n    echo \"error: The sandbox is not in sync with the Podfile.lock. Run 'pod install' or update your CocoaPods installation.\" >&2\n    exit 1\nfi\n# This output is used by Xcode 'outputs' to avoid re-running this script phase.\necho \"SUCCESS\" > \"${SCRIPT_OUTPUT_FILE_0}\"\n";
			showEnvVarsInLog = 0;
		};
		38247B09B9E7C90D4430564C /* [CP] Check Pods Manifest.lock */ = {
			isa = PBXShellScriptBuildPhase;
			buildActionMask = 2147483647;
			files = (
			);
			inputFileListPaths = (
			);
			inputPaths = (
				"${PODS_PODFILE_DIR_PATH}/Podfile.lock",
				"${PODS_ROOT}/Manifest.lock",
			);
			name = "[CP] Check Pods Manifest.lock";
			outputFileListPaths = (
			);
			outputPaths = (
				"$(DERIVED_FILE_DIR)/Pods-FeastVitePOCTests-checkManifestLockResult.txt",
			);
			runOnlyForDeploymentPostprocessing = 0;
			shellPath = /bin/sh;
			shellScript = "diff \"${PODS_PODFILE_DIR_PATH}/Podfile.lock\" \"${PODS_ROOT}/Manifest.lock\" > /dev/null\nif [ $? != 0 ] ; then\n    # print error to STDERR\n    echo \"error: The sandbox is not in sync with the Podfile.lock. Run 'pod install' or update your CocoaPods installation.\" >&2\n    exit 1\nfi\n# This output is used by Xcode 'outputs' to avoid re-running this script phase.\necho \"SUCCESS\" > \"${SCRIPT_OUTPUT_FILE_0}\"\n";
			showEnvVarsInLog = 0;
		};
		A0574C76C6AEB2EE6A5D910D /* [CP] Check Pods Manifest.lock */ = {
			isa = PBXShellScriptBuildPhase;
			buildActionMask = 2147483647;
			files = (
			);
			inputFileListPaths = (
			);
			inputPaths = (
				"${PODS_PODFILE_DIR_PATH}/Podfile.lock",
				"${PODS_ROOT}/Manifest.lock",
			);
			name = "[CP] Check Pods Manifest.lock";
			outputFileListPaths = (
			);
			outputPaths = (
				"$(DERIVED_FILE_DIR)/Pods-FeastVitePOC-checkManifestLockResult.txt",
			);
			runOnlyForDeploymentPostprocessing = 0;
			shellPath = /bin/sh;
			shellScript = "diff \"${PODS_PODFILE_DIR_PATH}/Podfile.lock\" \"${PODS_ROOT}/Manifest.lock\" > /dev/null\nif [ $? != 0 ] ; then\n    # print error to STDERR\n    echo \"error: The sandbox is not in sync with the Podfile.lock. Run 'pod install' or update your CocoaPods installation.\" >&2\n    exit 1\nfi\n# This output is used by Xcode 'outputs' to avoid re-running this script phase.\necho \"SUCCESS\" > \"${SCRIPT_OUTPUT_FILE_0}\"\n";
			showEnvVarsInLog = 0;
		};
		D571465B3C5F0A386FC79834 /* [CP] Embed Pods Frameworks */ = {
			isa = PBXShellScriptBuildPhase;
			buildActionMask = 2147483647;
			files = (
			);
			inputFileListPaths = (
				"${PODS_ROOT}/Target Support Files/Pods-FeastVitePOC/Pods-FeastVitePOC-frameworks-${CONFIGURATION}-input-files.xcfilelist",
			);
			name = "[CP] Embed Pods Frameworks";
			outputFileListPaths = (
				"${PODS_ROOT}/Target Support Files/Pods-FeastVitePOC/Pods-FeastVitePOC-frameworks-${CONFIGURATION}-output-files.xcfilelist",
			);
			runOnlyForDeploymentPostprocessing = 0;
			shellPath = /bin/sh;
			shellScript = "\"${PODS_ROOT}/Target Support Files/Pods-FeastVitePOC/Pods-FeastVitePOC-frameworks.sh\"\n";
			showEnvVarsInLog = 0;
		};
/* End PBXShellScriptBuildPhase section */

/* Begin PBXSourcesBuildPhase section */
		3F8C989722B18CA3009E1371 /* Sources */ = {
			isa = PBXSourcesBuildPhase;
			buildActionMask = 2147483647;
			files = (
				E8F903C522DEF93300047D21 /* InvitationModelManager.swift in Sources */,
				3FCADC3522C1C4A000705A32 /* MailSenderViewController.swift in Sources */,
				3FF02C2622B37D81008A787A /* LoginViewController.swift in Sources */,
				E8F903C322DE64F100047D21 /* InvitationModel.swift in Sources */,
				E83B11CF22D06E8100B8175D /* TemplateCellCollectionViewCell.swift in Sources */,
				E862FA2522E04C5400DEB0D5 /* CustomLoader.swift in Sources */,
				E8B19B3522D55FA600FB6D5A /* ManageTemplatesCollectionViewController.swift in Sources */,
				E8F903BF22DD4C3D00047D21 /* AddNewContactViewController.swift in Sources */,
				3F9D63B623270DF40023273D /* RSVPModelManager.swift in Sources */,
				3F63B2CE22BD3FC30058302B /* HomePageViewController.swift in Sources */,
				3FF02C2422B3512E008A787A /* RegistrationViewController.swift in Sources */,
				E82EF4FC22D595E30095264A /* AccountsViewController.swift in Sources */,
				3F67A5832339B03A00AB2F78 /* ContactModelManager.swift in Sources */,
				3F9D63B8232935180023273D /* HostedDetailsViewController.swift in Sources */,
				E8424D0522E14FDB00893B27 /* ViewInvitationsTableViewController.swift in Sources */,
				3F63B2CC22BC880E0058302B /* SetNewPasswordControllerViewController.swift in Sources */,
				3F9D63B4232708950023273D /* RSVPViewController.swift in Sources */,
				E8F903C722DF07BC00047D21 /* SendInvitationViewController.swift in Sources */,
				E8B19B3122D55FA600FB6D5A /* PreviewViewController.swift in Sources */,
				E85F059A23432EEF0023628F /* ContactsTextMessageCell.swift in Sources */,
				3FF02C2822B386FA008A787A /* ResetPasswordViewController.swift in Sources */,
				E8F903BD22DD416C00047D21 /* ContactModel.swift in Sources */,
				E8F903C122DE33F600047D21 /* ContactModelManager.swift in Sources */,
				3F63B2D122BD438E0058302B /* Errors.swift in Sources */,
				3F8C98A122B18CA3009E1371 /* ViewController.swift in Sources */,
				E8B19B3622D55FA600FB6D5A /* TemplateCollectionViewCell.swift in Sources */,
				E89D955C22D73C39009AA662 /* EventModel.swift in Sources */,
				3F9D63AF232708340023273D /* RSVPModel.swift in Sources */,
				E82EF50022D59E290095264A /* TemplateModelManager.swift in Sources */,
				E82EF4FE22D598C20095264A /* TemplateModel.swift in Sources */,
				E85F059823432EB70023628F /* MyTextMessageCell.swift in Sources */,
				E89D955E22D748DC009AA662 /* EventModelManager.swift in Sources */,
				E8B19B3722D55FA600FB6D5A /* CreateTemplateImageViewController.swift in Sources */,
				3F8C989F22B18CA3009E1371 /* AppDelegate.swift in Sources */,
				E8CF292E23377ABE00C18847 /* ChatContactsTableViewController.swift in Sources */,
				3FBFFC1B22C45B59007C1182 /* Authentication.swift in Sources */,
				E8E9172F2326FE2F000C3F3E /* ChatViewController.swift in Sources */,
				E8F903BB22DD412A00047D21 /* ContactsTableViewController.swift in Sources */,
			);
			runOnlyForDeploymentPostprocessing = 0;
		};
		E83B11AF22D02CEC00B8175D /* Sources */ = {
			isa = PBXSourcesBuildPhase;
			buildActionMask = 2147483647;
			files = (
				E83B11CD22D02DDA00B8175D /* FeastViteTests.swift in Sources */,
			);
			runOnlyForDeploymentPostprocessing = 0;
		};
		E83B11BD22D02CF600B8175D /* Sources */ = {
			isa = PBXSourcesBuildPhase;
			buildActionMask = 2147483647;
			files = (
				E83B11C422D02CF600B8175D /* FeastViteUITests.swift in Sources */,
			);
			runOnlyForDeploymentPostprocessing = 0;
		};
/* End PBXSourcesBuildPhase section */

/* Begin PBXTargetDependency section */
		E83B11B922D02CEC00B8175D /* PBXTargetDependency */ = {
			isa = PBXTargetDependency;
			target = 3F8C989A22B18CA3009E1371 /* FeastVitePOC */;
			targetProxy = E83B11B822D02CEC00B8175D /* PBXContainerItemProxy */;
		};
		E83B11C722D02CF600B8175D /* PBXTargetDependency */ = {
			isa = PBXTargetDependency;
			target = 3F8C989A22B18CA3009E1371 /* FeastVitePOC */;
			targetProxy = E83B11C622D02CF600B8175D /* PBXContainerItemProxy */;
		};
/* End PBXTargetDependency section */

/* Begin PBXVariantGroup section */
		3F8C98A222B18CA3009E1371 /* Main.storyboard */ = {
			isa = PBXVariantGroup;
			children = (
				3F8C98A322B18CA3009E1371 /* Base */,
			);
			name = Main.storyboard;
			sourceTree = "<group>";
		};
		3F8C98A722B18CA5009E1371 /* LaunchScreen.storyboard */ = {
			isa = PBXVariantGroup;
			children = (
				3F8C98A822B18CA5009E1371 /* Base */,
			);
			name = LaunchScreen.storyboard;
			sourceTree = "<group>";
		};
/* End PBXVariantGroup section */

/* Begin XCBuildConfiguration section */
		3F8C98C122B18CA5009E1371 /* Debug */ = {
			isa = XCBuildConfiguration;
			buildSettings = {
				ALWAYS_SEARCH_USER_PATHS = NO;
				CLANG_ANALYZER_NONNULL = YES;
				CLANG_ANALYZER_NUMBER_OBJECT_CONVERSION = YES_AGGRESSIVE;
				CLANG_CXX_LANGUAGE_STANDARD = "gnu++14";
				CLANG_CXX_LIBRARY = "libc++";
				CLANG_ENABLE_MODULES = YES;
				CLANG_ENABLE_OBJC_ARC = YES;
				CLANG_ENABLE_OBJC_WEAK = YES;
				CLANG_WARN_BLOCK_CAPTURE_AUTORELEASING = YES;
				CLANG_WARN_BOOL_CONVERSION = YES;
				CLANG_WARN_COMMA = YES;
				CLANG_WARN_CONSTANT_CONVERSION = YES;
				CLANG_WARN_DEPRECATED_OBJC_IMPLEMENTATIONS = YES;
				CLANG_WARN_DIRECT_OBJC_ISA_USAGE = YES_ERROR;
				CLANG_WARN_DOCUMENTATION_COMMENTS = YES;
				CLANG_WARN_EMPTY_BODY = YES;
				CLANG_WARN_ENUM_CONVERSION = YES;
				CLANG_WARN_INFINITE_RECURSION = YES;
				CLANG_WARN_INT_CONVERSION = YES;
				CLANG_WARN_NON_LITERAL_NULL_CONVERSION = YES;
				CLANG_WARN_OBJC_IMPLICIT_RETAIN_SELF = YES;
				CLANG_WARN_OBJC_LITERAL_CONVERSION = YES;
				CLANG_WARN_OBJC_ROOT_CLASS = YES_ERROR;
				CLANG_WARN_RANGE_LOOP_ANALYSIS = YES;
				CLANG_WARN_STRICT_PROTOTYPES = YES;
				CLANG_WARN_SUSPICIOUS_MOVE = YES;
				CLANG_WARN_UNGUARDED_AVAILABILITY = YES_AGGRESSIVE;
				CLANG_WARN_UNREACHABLE_CODE = YES;
				CLANG_WARN__DUPLICATE_METHOD_MATCH = YES;
				CODE_SIGN_IDENTITY = "iPhone Developer";
				COPY_PHASE_STRIP = NO;
				DEBUG_INFORMATION_FORMAT = dwarf;
				ENABLE_STRICT_OBJC_MSGSEND = YES;
				ENABLE_TESTABILITY = YES;
				GCC_C_LANGUAGE_STANDARD = gnu11;
				GCC_DYNAMIC_NO_PIC = NO;
				GCC_NO_COMMON_BLOCKS = YES;
				GCC_OPTIMIZATION_LEVEL = 0;
				GCC_PREPROCESSOR_DEFINITIONS = (
					"DEBUG=1",
					"$(inherited)",
				);
				GCC_WARN_64_TO_32_BIT_CONVERSION = YES;
				GCC_WARN_ABOUT_RETURN_TYPE = YES_ERROR;
				GCC_WARN_UNDECLARED_SELECTOR = YES;
				GCC_WARN_UNINITIALIZED_AUTOS = YES_AGGRESSIVE;
				GCC_WARN_UNUSED_FUNCTION = YES;
				GCC_WARN_UNUSED_VARIABLE = YES;
				IPHONEOS_DEPLOYMENT_TARGET = 12.0;
				MTL_ENABLE_DEBUG_INFO = INCLUDE_SOURCE;
				MTL_FAST_MATH = YES;
				ONLY_ACTIVE_ARCH = YES;
				SDKROOT = iphoneos;
				SWIFT_ACTIVE_COMPILATION_CONDITIONS = DEBUG;
				SWIFT_OPTIMIZATION_LEVEL = "-Onone";
			};
			name = Debug;
		};
		3F8C98C222B18CA5009E1371 /* Release */ = {
			isa = XCBuildConfiguration;
			buildSettings = {
				ALWAYS_SEARCH_USER_PATHS = NO;
				CLANG_ANALYZER_NONNULL = YES;
				CLANG_ANALYZER_NUMBER_OBJECT_CONVERSION = YES_AGGRESSIVE;
				CLANG_CXX_LANGUAGE_STANDARD = "gnu++14";
				CLANG_CXX_LIBRARY = "libc++";
				CLANG_ENABLE_MODULES = YES;
				CLANG_ENABLE_OBJC_ARC = YES;
				CLANG_ENABLE_OBJC_WEAK = YES;
				CLANG_WARN_BLOCK_CAPTURE_AUTORELEASING = YES;
				CLANG_WARN_BOOL_CONVERSION = YES;
				CLANG_WARN_COMMA = YES;
				CLANG_WARN_CONSTANT_CONVERSION = YES;
				CLANG_WARN_DEPRECATED_OBJC_IMPLEMENTATIONS = YES;
				CLANG_WARN_DIRECT_OBJC_ISA_USAGE = YES_ERROR;
				CLANG_WARN_DOCUMENTATION_COMMENTS = YES;
				CLANG_WARN_EMPTY_BODY = YES;
				CLANG_WARN_ENUM_CONVERSION = YES;
				CLANG_WARN_INFINITE_RECURSION = YES;
				CLANG_WARN_INT_CONVERSION = YES;
				CLANG_WARN_NON_LITERAL_NULL_CONVERSION = YES;
				CLANG_WARN_OBJC_IMPLICIT_RETAIN_SELF = YES;
				CLANG_WARN_OBJC_LITERAL_CONVERSION = YES;
				CLANG_WARN_OBJC_ROOT_CLASS = YES_ERROR;
				CLANG_WARN_RANGE_LOOP_ANALYSIS = YES;
				CLANG_WARN_STRICT_PROTOTYPES = YES;
				CLANG_WARN_SUSPICIOUS_MOVE = YES;
				CLANG_WARN_UNGUARDED_AVAILABILITY = YES_AGGRESSIVE;
				CLANG_WARN_UNREACHABLE_CODE = YES;
				CLANG_WARN__DUPLICATE_METHOD_MATCH = YES;
				CODE_SIGN_IDENTITY = "iPhone Developer";
				COPY_PHASE_STRIP = NO;
				DEBUG_INFORMATION_FORMAT = "dwarf-with-dsym";
				ENABLE_NS_ASSERTIONS = NO;
				ENABLE_STRICT_OBJC_MSGSEND = YES;
				GCC_C_LANGUAGE_STANDARD = gnu11;
				GCC_NO_COMMON_BLOCKS = YES;
				GCC_WARN_64_TO_32_BIT_CONVERSION = YES;
				GCC_WARN_ABOUT_RETURN_TYPE = YES_ERROR;
				GCC_WARN_UNDECLARED_SELECTOR = YES;
				GCC_WARN_UNINITIALIZED_AUTOS = YES_AGGRESSIVE;
				GCC_WARN_UNUSED_FUNCTION = YES;
				GCC_WARN_UNUSED_VARIABLE = YES;
				IPHONEOS_DEPLOYMENT_TARGET = 12.0;
				MTL_ENABLE_DEBUG_INFO = NO;
				MTL_FAST_MATH = YES;
				SDKROOT = iphoneos;
				SWIFT_COMPILATION_MODE = wholemodule;
				SWIFT_OPTIMIZATION_LEVEL = "-O";
				VALIDATE_PRODUCT = YES;
			};
			name = Release;
		};
		3F8C98C422B18CA5009E1371 /* Debug */ = {
			isa = XCBuildConfiguration;
			baseConfigurationReference = B8DBBE0736BC6D7DC5C58E0F /* Pods-FeastVitePOC.debug.xcconfig */;
			buildSettings = {
				ASSETCATALOG_COMPILER_APPICON_NAME = AppIcon;
				CODE_SIGN_ENTITLEMENTS = FeastVitePOC.entitlements;
				CODE_SIGN_STYLE = Automatic;
				DEVELOPMENT_TEAM = 583N2DJ8B2;
				INFOPLIST_FILE = FeastVite/Info.plist;
				IPHONEOS_DEPLOYMENT_TARGET = 12.0;
				LD_RUNPATH_SEARCH_PATHS = (
					"$(inherited)",
					"@executable_path/Frameworks",
				);
				ONLY_ACTIVE_ARCH = NO;
				PRODUCT_BUNDLE_IDENTIFIER = com.nwmsu.FeastVitePOC2;
				PRODUCT_NAME = "$(TARGET_NAME)";
				SWIFT_COMPILATION_MODE = wholemodule;
				SWIFT_OBJC_BRIDGING_HEADER = "Pods/Backendless/SDK/ios/backendless/include/Backendless-Bridging-Header.h";
				SWIFT_VERSION = 4.2;
				TARGETED_DEVICE_FAMILY = "1,2";
			};
			name = Debug;
		};
		3F8C98C522B18CA5009E1371 /* Release */ = {
			isa = XCBuildConfiguration;
			baseConfigurationReference = 38D2E60E2503D02527D9F967 /* Pods-FeastVitePOC.release.xcconfig */;
			buildSettings = {
				ASSETCATALOG_COMPILER_APPICON_NAME = AppIcon;
				CODE_SIGN_ENTITLEMENTS = FeastVitePOC.entitlements;
				CODE_SIGN_STYLE = Automatic;
				DEVELOPMENT_TEAM = 583N2DJ8B2;
				INFOPLIST_FILE = FeastVite/Info.plist;
				IPHONEOS_DEPLOYMENT_TARGET = 12.0;
				LD_RUNPATH_SEARCH_PATHS = (
					"$(inherited)",
					"@executable_path/Frameworks",
				);
				ONLY_ACTIVE_ARCH = NO;
				PRODUCT_BUNDLE_IDENTIFIER = com.nwmsu.FeastVitePOC2;
				PRODUCT_NAME = "$(TARGET_NAME)";
				SWIFT_OBJC_BRIDGING_HEADER = "Pods/Backendless/SDK/ios/backendless/include/Backendless-Bridging-Header.h";
				SWIFT_VERSION = 4.2;
				TARGETED_DEVICE_FAMILY = "1,2";
			};
			name = Release;
		};
		E83B11BB22D02CEC00B8175D /* Debug */ = {
			isa = XCBuildConfiguration;
			baseConfigurationReference = E7F279298FE865C07AB799EE /* Pods-FeastVitePOCTests.debug.xcconfig */;
			buildSettings = {
				BUNDLE_LOADER = "$(TEST_HOST)";
				CODE_SIGN_STYLE = Automatic;
				DEVELOPMENT_TEAM = 46U4243C76;
				ENABLE_TESTABILITY = YES;
				INFOPLIST_FILE = FeastViteTests/Info.plist;
				IPHONEOS_DEPLOYMENT_TARGET = 12.0;
				LD_RUNPATH_SEARCH_PATHS = (
					"$(inherited)",
					"@executable_path/Frameworks",
					"@loader_path/Frameworks",
				);
				PRODUCT_BUNDLE_IDENTIFIER = com.prady.FeastViteTests;
				PRODUCT_NAME = "$(TARGET_NAME)";
				SWIFT_VERSION = 4.2;
				TARGETED_DEVICE_FAMILY = "1,2";
				TEST_HOST = "$(BUILT_PRODUCTS_DIR)/FeastVitePOC.app/FeastVitePOC";
			};
			name = Debug;
		};
		E83B11BC22D02CEC00B8175D /* Release */ = {
			isa = XCBuildConfiguration;
			baseConfigurationReference = E234134AEE47C3C31E883EC5 /* Pods-FeastVitePOCTests.release.xcconfig */;
			buildSettings = {
				BUNDLE_LOADER = "$(TEST_HOST)";
				CODE_SIGN_STYLE = Automatic;
				DEVELOPMENT_TEAM = 46U4243C76;
				ENABLE_TESTABILITY = YES;
				INFOPLIST_FILE = FeastViteTests/Info.plist;
				IPHONEOS_DEPLOYMENT_TARGET = 12.0;
				LD_RUNPATH_SEARCH_PATHS = (
					"$(inherited)",
					"@executable_path/Frameworks",
					"@loader_path/Frameworks",
				);
				PRODUCT_BUNDLE_IDENTIFIER = com.prady.FeastViteTests;
				PRODUCT_NAME = "$(TARGET_NAME)";
				SWIFT_VERSION = 4.2;
				TARGETED_DEVICE_FAMILY = "1,2";
				TEST_HOST = "$(BUILT_PRODUCTS_DIR)/FeastVitePOC.app/FeastVitePOC";
			};
			name = Release;
		};
		E83B11C922D02CF600B8175D /* Debug */ = {
			isa = XCBuildConfiguration;
			baseConfigurationReference = FCD3BF5F7F1DFEAF82A99C26 /* Pods-FeastVitePOCUITests.debug.xcconfig */;
			buildSettings = {
				CODE_SIGN_STYLE = Automatic;
				DEVELOPMENT_TEAM = "";
				INFOPLIST_FILE = FeastViteUITests/Info.plist;
				IPHONEOS_DEPLOYMENT_TARGET = 12.2;
				LD_RUNPATH_SEARCH_PATHS = (
					"$(inherited)",
					"@executable_path/Frameworks",
					"@loader_path/Frameworks",
				);
				PRODUCT_BUNDLE_IDENTIFIER = com.prady.FeastViteUITests;
				PRODUCT_NAME = "$(TARGET_NAME)";
				SWIFT_VERSION = 4.2;
				TARGETED_DEVICE_FAMILY = "1,2";
				TEST_TARGET_NAME = FeastVite;
			};
			name = Debug;
		};
		E83B11CA22D02CF600B8175D /* Release */ = {
			isa = XCBuildConfiguration;
			baseConfigurationReference = D967E4A8E9B7F40C39777CCC /* Pods-FeastVitePOCUITests.release.xcconfig */;
			buildSettings = {
				CODE_SIGN_STYLE = Automatic;
				DEVELOPMENT_TEAM = "";
				INFOPLIST_FILE = FeastViteUITests/Info.plist;
				IPHONEOS_DEPLOYMENT_TARGET = 12.2;
				LD_RUNPATH_SEARCH_PATHS = (
					"$(inherited)",
					"@executable_path/Frameworks",
					"@loader_path/Frameworks",
				);
				PRODUCT_BUNDLE_IDENTIFIER = com.prady.FeastViteUITests;
				PRODUCT_NAME = "$(TARGET_NAME)";
				SWIFT_VERSION = 4.2;
				TARGETED_DEVICE_FAMILY = "1,2";
				TEST_TARGET_NAME = FeastVite;
			};
			name = Release;
		};
/* End XCBuildConfiguration section */

/* Begin XCConfigurationList section */
		3F8C989622B18CA3009E1371 /* Build configuration list for PBXProject "FeastVitePOC" */ = {
			isa = XCConfigurationList;
			buildConfigurations = (
				3F8C98C122B18CA5009E1371 /* Debug */,
				3F8C98C222B18CA5009E1371 /* Release */,
			);
			defaultConfigurationIsVisible = 0;
			defaultConfigurationName = Release;
		};
		3F8C98C322B18CA5009E1371 /* Build configuration list for PBXNativeTarget "FeastVitePOC" */ = {
			isa = XCConfigurationList;
			buildConfigurations = (
				3F8C98C422B18CA5009E1371 /* Debug */,
				3F8C98C522B18CA5009E1371 /* Release */,
			);
			defaultConfigurationIsVisible = 0;
			defaultConfigurationName = Release;
		};
		E83B11BA22D02CEC00B8175D /* Build configuration list for PBXNativeTarget "FeastVitePOCTests" */ = {
			isa = XCConfigurationList;
			buildConfigurations = (
				E83B11BB22D02CEC00B8175D /* Debug */,
				E83B11BC22D02CEC00B8175D /* Release */,
			);
			defaultConfigurationIsVisible = 0;
			defaultConfigurationName = Release;
		};
		E83B11C822D02CF600B8175D /* Build configuration list for PBXNativeTarget "FeastVitePOCUITests" */ = {
			isa = XCConfigurationList;
			buildConfigurations = (
				E83B11C922D02CF600B8175D /* Debug */,
				E83B11CA22D02CF600B8175D /* Release */,
			);
			defaultConfigurationIsVisible = 0;
			defaultConfigurationName = Release;
		};
/* End XCConfigurationList section */
	};
	rootObject = 3F8C989322B18CA3009E1371 /* Project object */;
}
