PODS:
  - Backendless (5.4.1):
    - Socket.IO-Client-Swift
  - Socket.IO-Client-Swift (15.1.0):
    - Starscream (~> 3.1)
  - Starscream (3.1.0)

DEPENDENCIES:
  - Backendless

SPEC REPOS:
  https://github.com/cocoapods/specs.git:
    - Backendless
    - Socket.IO-Client-Swift
    - Starscream

SPEC CHECKSUMS:
  Backendless: 3cd722334fa639296035ec00e35ad054e4b7afd8
  Socket.IO-Client-Swift: 7cb44c0ffb86e158cee32d0642d30ec5fdcf8f61
  Starscream: 08172b481e145289c4930cb567230fb55897cfa4

PODFILE CHECKSUM: eeec07da5ce174536d0d8592152d6af2185937ba

COCOAPODS: 1.7.3
